
Microsoft Visual Studio Solution File, Format Version 12.00
# Visual Studio Version 16
VisualStudioVersion = 16.0.29613.14
MinimumVisualStudioVersion = 10.0.40219.1
Project("{FAE04EC0-301F-11D3-BF4B-00C04F79EFBC}") = "CovidData2020", "CovidData2020.csproj", "{FFF29EE9-B0EA-4A0E-A427-D048C32EDEAE}"
EndProject
Project("{FAE04EC0-301F-11D3-BF4B-00C04F79EFBC}") = "WebApplication1", "..\WebApplication1\WebApplication1.csproj", "{5BF1159D-B22C-4049-B6A9-B1DD7A3B9AC5}"
EndProject
Global
	GlobalSection(SolutionConfigurationPlatforms) = preSolution
		Debug|Any CPU = Debug|Any CPU
		Release|Any CPU = Release|Any CPU
	EndGlobalSection
	GlobalSection(ProjectConfigurationPlatforms) = postSolution
		{FFF29EE9-B0EA-4A0E-A427-D048C32EDEAE}.Debug|Any CPU.ActiveCfg = Debug|Any CPU
		{FFF29EE9-B0EA-4A0E-A427-D048C32EDEAE}.Debug|Any CPU.Build.0 = Debug|Any CPU
		{FFF29EE9-B0EA-4A0E-A427-D048C32EDEAE}.Release|Any CPU.ActiveCfg = Release|Any CPU
		{FFF29EE9-B0EA-4A0E-A427-D048C32EDEAE}.Release|Any CPU.Build.0 = Release|Any CPU
		{5BF1159D-B22C-4049-B6A9-B1DD7A3B9AC5}.Debug|Any CPU.ActiveCfg = Debug|Any CPU
		{5BF1159D-B22C-4049-B6A9-B1DD7A3B9AC5}.Debug|Any CPU.Build.0 = Debug|Any CPU
		{5BF1159D-B22C-4049-B6A9-B1DD7A3B9AC5}.Release|Any CPU.ActiveCfg = Release|Any CPU
		{5BF1159D-B22C-4049-B6A9-B1DD7A3B9AC5}.Release|Any CPU.Build.0 = Release|Any CPU
	EndGlobalSection
	GlobalSection(SolutionProperties) = preSolution
		HideSolutionNode = FALSE
	EndGlobalSection
	GlobalSection(ExtensibilityGlobals) = postSolution
		SolutionGuid = {A1F9F1DD-D70A-460B-968B-CBCA91965C97}
	EndGlobalSection
EndGlobal
